// !$*UTF8*$!
{
	archiveVersion = 1;
	classes = {
	};
	objectVersion = 56;
	objects = {

/* Begin PBXBuildFile section */
		2B9C0CE95764B15080EE7557 /* Pods_TwitterSampleApp3.framework in Frameworks */ = {isa = PBXBuildFile; fileRef = 9052BE4FD2F3D1B358CA7ACB /* Pods_TwitterSampleApp3.framework */; };
		AA4D1190A952B7B41AEFB27A /* Pods_TwitterSampleApp3_TwitterSampleApp3UITests.framework in Frameworks */ = {isa = PBXBuildFile; fileRef = 0DDFBF2D1E5C7F3B934BB176 /* Pods_TwitterSampleApp3_TwitterSampleApp3UITests.framework */; };
		BF38836AEE6A4D655866ECD9 /* Pods_TwitterSampleApp3Tests.framework in Frameworks */ = {isa = PBXBuildFile; fileRef = 0AFA5C6EF0A8A1618E84BAF0 /* Pods_TwitterSampleApp3Tests.framework */; };
		FA13093C2ACE83EF009DACBC /* AppDelegate.swift in Sources */ = {isa = PBXBuildFile; fileRef = FA13093B2ACE83EF009DACBC /* AppDelegate.swift */; };
		FA13093E2ACE83EF009DACBC /* SceneDelegate.swift in Sources */ = {isa = PBXBuildFile; fileRef = FA13093D2ACE83EF009DACBC /* SceneDelegate.swift */; };
		FA1309402ACE83EF009DACBC /* ViewController.swift in Sources */ = {isa = PBXBuildFile; fileRef = FA13093F2ACE83EF009DACBC /* ViewController.swift */; };
		FA1309432ACE83EF009DACBC /* Main.storyboard in Resources */ = {isa = PBXBuildFile; fileRef = FA1309412ACE83EF009DACBC /* Main.storyboard */; };
		FA1309452ACE83F1009DACBC /* Assets.xcassets in Resources */ = {isa = PBXBuildFile; fileRef = FA1309442ACE83F1009DACBC /* Assets.xcassets */; };
		FA1309482ACE83F1009DACBC /* LaunchScreen.storyboard in Resources */ = {isa = PBXBuildFile; fileRef = FA1309462ACE83F1009DACBC /* LaunchScreen.storyboard */; };
		FA1309532ACE83F1009DACBC /* TwitterSampleApp3Tests.swift in Sources */ = {isa = PBXBuildFile; fileRef = FA1309522ACE83F1009DACBC /* TwitterSampleApp3Tests.swift */; };
		FA13095D2ACE83F1009DACBC /* TwitterSampleApp3UITests.swift in Sources */ = {isa = PBXBuildFile; fileRef = FA13095C2ACE83F1009DACBC /* TwitterSampleApp3UITests.swift */; };
		FA13095F2ACE83F1009DACBC /* TwitterSampleApp3UITestsLaunchTests.swift in Sources */ = {isa = PBXBuildFile; fileRef = FA13095E2ACE83F1009DACBC /* TwitterSampleApp3UITestsLaunchTests.swift */; };
		FA13096C2ACE87D6009DACBC /* TwitterDataModel.swift in Sources */ = {isa = PBXBuildFile; fileRef = FA13096B2ACE87D6009DACBC /* TwitterDataModel.swift */; };
		FA13096E2ACEC3FF009DACBC /* TwitterDetailViewController.swift in Sources */ = {isa = PBXBuildFile; fileRef = FA13096D2ACEC3FF009DACBC /* TwitterDetailViewController.swift */; };
/* End PBXBuildFile section */

/* Begin PBXContainerItemProxy section */
		FA13094F2ACE83F1009DACBC /* PBXContainerItemProxy */ = {
			isa = PBXContainerItemProxy;
			containerPortal = FA1309302ACE83EF009DACBC /* Project object */;
			proxyType = 1;
			remoteGlobalIDString = FA1309372ACE83EF009DACBC;
			remoteInfo = TwitterSampleApp3;
		};
		FA1309592ACE83F1009DACBC /* PBXContainerItemProxy */ = {
			isa = PBXContainerItemProxy;
			containerPortal = FA1309302ACE83EF009DACBC /* Project object */;
			proxyType = 1;
			remoteGlobalIDString = FA1309372ACE83EF009DACBC;
			remoteInfo = TwitterSampleApp3;
		};
/* End PBXContainerItemProxy section */

/* Begin PBXFileReference section */
		0AFA5C6EF0A8A1618E84BAF0 /* Pods_TwitterSampleApp3Tests.framework */ = {isa = PBXFileReference; explicitFileType = wrapper.framework; includeInIndex = 0; path = Pods_TwitterSampleApp3Tests.framework; sourceTree = BUILT_PRODUCTS_DIR; };
		0DDFBF2D1E5C7F3B934BB176 /* Pods_TwitterSampleApp3_TwitterSampleApp3UITests.framework */ = {isa = PBXFileReference; explicitFileType = wrapper.framework; includeInIndex = 0; path = Pods_TwitterSampleApp3_TwitterSampleApp3UITests.framework; sourceTree = BUILT_PRODUCTS_DIR; };
		1DC5A6E1CED10221F0A22D81 /* Pods-TwitterSampleApp3Tests.release.xcconfig */ = {isa = PBXFileReference; includeInIndex = 1; lastKnownFileType = text.xcconfig; name = "Pods-TwitterSampleApp3Tests.release.xcconfig"; path = "Target Support Files/Pods-TwitterSampleApp3Tests/Pods-TwitterSampleApp3Tests.release.xcconfig"; sourceTree = "<group>"; };
		9052BE4FD2F3D1B358CA7ACB /* Pods_TwitterSampleApp3.framework */ = {isa = PBXFileReference; explicitFileType = wrapper.framework; includeInIndex = 0; path = Pods_TwitterSampleApp3.framework; sourceTree = BUILT_PRODUCTS_DIR; };
		96EC176E65BA9894AD40B269 /* Pods-TwitterSampleApp3.release.xcconfig */ = {isa = PBXFileReference; includeInIndex = 1; lastKnownFileType = text.xcconfig; name = "Pods-TwitterSampleApp3.release.xcconfig"; path = "Target Support Files/Pods-TwitterSampleApp3/Pods-TwitterSampleApp3.release.xcconfig"; sourceTree = "<group>"; };
		BBD07E9438CB0B5018F238AC /* Pods-TwitterSampleApp3-TwitterSampleApp3UITests.debug.xcconfig */ = {isa = PBXFileReference; includeInIndex = 1; lastKnownFileType = text.xcconfig; name = "Pods-TwitterSampleApp3-TwitterSampleApp3UITests.debug.xcconfig"; path = "Target Support Files/Pods-TwitterSampleApp3-TwitterSampleApp3UITests/Pods-TwitterSampleApp3-TwitterSampleApp3UITests.debug.xcconfig"; sourceTree = "<group>"; };
		BE500CDD704FB8EE2771041B /* Pods-TwitterSampleApp3-TwitterSampleApp3UITests.release.xcconfig */ = {isa = PBXFileReference; includeInIndex = 1; lastKnownFileType = text.xcconfig; name = "Pods-TwitterSampleApp3-TwitterSampleApp3UITests.release.xcconfig"; path = "Target Support Files/Pods-TwitterSampleApp3-TwitterSampleApp3UITests/Pods-TwitterSampleApp3-TwitterSampleApp3UITests.release.xcconfig"; sourceTree = "<group>"; };
		C11A293DFEF7DA0E5613CD87 /* Pods-TwitterSampleApp3Tests.debug.xcconfig */ = {isa = PBXFileReference; includeInIndex = 1; lastKnownFileType = text.xcconfig; name = "Pods-TwitterSampleApp3Tests.debug.xcconfig"; path = "Target Support Files/Pods-TwitterSampleApp3Tests/Pods-TwitterSampleApp3Tests.debug.xcconfig"; sourceTree = "<group>"; };
		E89C43999D6B771D891DFD65 /* Pods-TwitterSampleApp3.debug.xcconfig */ = {isa = PBXFileReference; includeInIndex = 1; lastKnownFileType = text.xcconfig; name = "Pods-TwitterSampleApp3.debug.xcconfig"; path = "Target Support Files/Pods-TwitterSampleApp3/Pods-TwitterSampleApp3.debug.xcconfig"; sourceTree = "<group>"; };
		FA1309382ACE83EF009DACBC /* TwitterSampleApp3.app */ = {isa = PBXFileReference; explicitFileType = wrapper.application; includeInIndex = 0; path = TwitterSampleApp3.app; sourceTree = BUILT_PRODUCTS_DIR; };
		FA13093B2ACE83EF009DACBC /* AppDelegate.swift */ = {isa = PBXFileReference; lastKnownFileType = sourcecode.swift; path = AppDelegate.swift; sourceTree = "<group>"; };
		FA13093D2ACE83EF009DACBC /* SceneDelegate.swift */ = {isa = PBXFileReference; lastKnownFileType = sourcecode.swift; path = SceneDelegate.swift; sourceTree = "<group>"; };
		FA13093F2ACE83EF009DACBC /* ViewController.swift */ = {isa = PBXFileReference; lastKnownFileType = sourcecode.swift; path = ViewController.swift; sourceTree = "<group>"; };
		FA1309422ACE83EF009DACBC /* Base */ = {isa = PBXFileReference; lastKnownFileType = file.storyboard; name = Base; path = Base.lproj/Main.storyboard; sourceTree = "<group>"; };
		FA1309442ACE83F1009DACBC /* Assets.xcassets */ = {isa = PBXFileReference; lastKnownFileType = folder.assetcatalog; path = Assets.xcassets; sourceTree = "<group>"; };
		FA1309472ACE83F1009DACBC /* Base */ = {isa = PBXFileReference; lastKnownFileType = file.storyboard; name = Base; path = Base.lproj/LaunchScreen.storyboard; sourceTree = "<group>"; };
		FA1309492ACE83F1009DACBC /* Info.plist */ = {isa = PBXFileReference; lastKnownFileType = text.plist.xml; path = Info.plist; sourceTree = "<group>"; };
		FA13094E2ACE83F1009DACBC /* TwitterSampleApp3Tests.xctest */ = {isa = PBXFileReference; explicitFileType = wrapper.cfbundle; includeInIndex = 0; path = TwitterSampleApp3Tests.xctest; sourceTree = BUILT_PRODUCTS_DIR; };
		FA1309522ACE83F1009DACBC /* TwitterSampleApp3Tests.swift */ = {isa = PBXFileReference; lastKnownFileType = sourcecode.swift; path = TwitterSampleApp3Tests.swift; sourceTree = "<group>"; };
		FA1309582ACE83F1009DACBC /* TwitterSampleApp3UITests.xctest */ = {isa = PBXFileReference; explicitFileType = wrapper.cfbundle; includeInIndex = 0; path = TwitterSampleApp3UITests.xctest; sourceTree = BUILT_PRODUCTS_DIR; };
		FA13095C2ACE83F1009DACBC /* TwitterSampleApp3UITests.swift */ = {isa = PBXFileReference; lastKnownFileType = sourcecode.swift; path = TwitterSampleApp3UITests.swift; sourceTree = "<group>"; };
		FA13095E2ACE83F1009DACBC /* TwitterSampleApp3UITestsLaunchTests.swift */ = {isa = PBXFileReference; lastKnownFileType = sourcecode.swift; path = TwitterSampleApp3UITestsLaunchTests.swift; sourceTree = "<group>"; };
		FA13096B2ACE87D6009DACBC /* TwitterDataModel.swift */ = {isa = PBXFileReference; lastKnownFileType = sourcecode.swift; path = TwitterDataModel.swift; sourceTree = "<group>"; };
		FA13096D2ACEC3FF009DACBC /* TwitterDetailViewController.swift */ = {isa = PBXFileReference; lastKnownFileType = sourcecode.swift; path = TwitterDetailViewController.swift; sourceTree = "<group>"; };
/* End PBXFileReference section */

/* Begin PBXFrameworksBuildPhase section */
		FA1309352ACE83EF009DACBC /* Frameworks */ = {
			isa = PBXFrameworksBuildPhase;
			buildActionMask = 2147483647;
			files = (
				2B9C0CE95764B15080EE7557 /* Pods_TwitterSampleApp3.framework in Frameworks */,
			);
			runOnlyForDeploymentPostprocessing = 0;
		};
		FA13094B2ACE83F1009DACBC /* Frameworks */ = {
			isa = PBXFrameworksBuildPhase;
			buildActionMask = 2147483647;
			files = (
				BF38836AEE6A4D655866ECD9 /* Pods_TwitterSampleApp3Tests.framework in Frameworks */,
			);
			runOnlyForDeploymentPostprocessing = 0;
		};
		FA1309552ACE83F1009DACBC /* Frameworks */ = {
			isa = PBXFrameworksBuildPhase;
			buildActionMask = 2147483647;
			files = (
				AA4D1190A952B7B41AEFB27A /* Pods_TwitterSampleApp3_TwitterSampleApp3UITests.framework in Frameworks */,
			);
			runOnlyForDeploymentPostprocessing = 0;
		};
/* End PBXFrameworksBuildPhase section */

/* Begin PBXGroup section */
		5043DD17CF8B83786C4DD90C /* Frameworks */ = {
			isa = PBXGroup;
			children = (
				9052BE4FD2F3D1B358CA7ACB /* Pods_TwitterSampleApp3.framework */,
				0DDFBF2D1E5C7F3B934BB176 /* Pods_TwitterSampleApp3_TwitterSampleApp3UITests.framework */,
				0AFA5C6EF0A8A1618E84BAF0 /* Pods_TwitterSampleApp3Tests.framework */,
			);
			name = Frameworks;
			sourceTree = "<group>";
		};
		84F19FEF393A007B24798F1D /* Pods */ = {
			isa = PBXGroup;
			children = (
				E89C43999D6B771D891DFD65 /* Pods-TwitterSampleApp3.debug.xcconfig */,
				96EC176E65BA9894AD40B269 /* Pods-TwitterSampleApp3.release.xcconfig */,
				BBD07E9438CB0B5018F238AC /* Pods-TwitterSampleApp3-TwitterSampleApp3UITests.debug.xcconfig */,
				BE500CDD704FB8EE2771041B /* Pods-TwitterSampleApp3-TwitterSampleApp3UITests.release.xcconfig */,
				C11A293DFEF7DA0E5613CD87 /* Pods-TwitterSampleApp3Tests.debug.xcconfig */,
				1DC5A6E1CED10221F0A22D81 /* Pods-TwitterSampleApp3Tests.release.xcconfig */,
			);
			name = Pods;
			path = Pods;
			sourceTree = "<group>";
		};
		FA13092F2ACE83EF009DACBC = {
			isa = PBXGroup;
			children = (
				FA13093A2ACE83EF009DACBC /* TwitterSampleApp3 */,
				FA1309512ACE83F1009DACBC /* TwitterSampleApp3Tests */,
				FA13095B2ACE83F1009DACBC /* TwitterSampleApp3UITests */,
				FA1309392ACE83EF009DACBC /* Products */,
				84F19FEF393A007B24798F1D /* Pods */,
				5043DD17CF8B83786C4DD90C /* Frameworks */,
			);
			sourceTree = "<group>";
		};
		FA1309392ACE83EF009DACBC /* Products */ = {
			isa = PBXGroup;
			children = (
				FA1309382ACE83EF009DACBC /* TwitterSampleApp3.app */,
				FA13094E2ACE83F1009DACBC /* TwitterSampleApp3Tests.xctest */,
				FA1309582ACE83F1009DACBC /* TwitterSampleApp3UITests.xctest */,
			);
			name = Products;
			sourceTree = "<group>";
		};
		FA13093A2ACE83EF009DACBC /* TwitterSampleApp3 */ = {
			isa = PBXGroup;
			children = (
				FA13093B2ACE83EF009DACBC /* AppDelegate.swift */,
				FA13093D2ACE83EF009DACBC /* SceneDelegate.swift */,
				FA13093F2ACE83EF009DACBC /* ViewController.swift */,
				FA1309412ACE83EF009DACBC /* Main.storyboard */,
				FA1309442ACE83F1009DACBC /* Assets.xcassets */,
				FA1309462ACE83F1009DACBC /* LaunchScreen.storyboard */,
				FA1309492ACE83F1009DACBC /* Info.plist */,
				FA13096B2ACE87D6009DACBC /* TwitterDataModel.swift */,
				FA13096D2ACEC3FF009DACBC /* TwitterDetailViewController.swift */,
			);
			path = TwitterSampleApp3;
			sourceTree = "<group>";
		};
		FA1309512ACE83F1009DACBC /* TwitterSampleApp3Tests */ = {
			isa = PBXGroup;
			children = (
				FA1309522ACE83F1009DACBC /* TwitterSampleApp3Tests.swift */,
			);
			path = TwitterSampleApp3Tests;
			sourceTree = "<group>";
		};
		FA13095B2ACE83F1009DACBC /* TwitterSampleApp3UITests */ = {
			isa = PBXGroup;
			children = (
				FA13095C2ACE83F1009DACBC /* TwitterSampleApp3UITests.swift */,
				FA13095E2ACE83F1009DACBC /* TwitterSampleApp3UITestsLaunchTests.swift */,
			);
			path = TwitterSampleApp3UITests;
			sourceTree = "<group>";
		};
/* End PBXGroup section */

/* Begin PBXNativeTarget section */
		FA1309372ACE83EF009DACBC /* TwitterSampleApp3 */ = {
			isa = PBXNativeTarget;
			buildConfigurationList = FA1309622ACE83F1009DACBC /* Build configuration list for PBXNativeTarget "TwitterSampleApp3" */;
			buildPhases = (
				BD73C54A2733A127CCFD4524 /* [CP] Check Pods Manifest.lock */,
				FA1309342ACE83EF009DACBC /* Sources */,
				FA1309352ACE83EF009DACBC /* Frameworks */,
				FA1309362ACE83EF009DACBC /* Resources */,
				3A4DF03C7428B9BF6DBCF8B8 /* [CP] Embed Pods Frameworks */,
			);
			buildRules = (
			);
			dependencies = (
			);
			name = TwitterSampleApp3;
			productName = TwitterSampleApp3;
			productReference = FA1309382ACE83EF009DACBC /* TwitterSampleApp3.app */;
			productType = "com.apple.product-type.application";
		};
		FA13094D2ACE83F1009DACBC /* TwitterSampleApp3Tests */ = {
			isa = PBXNativeTarget;
			buildConfigurationList = FA1309652ACE83F1009DACBC /* Build configuration list for PBXNativeTarget "TwitterSampleApp3Tests" */;
			buildPhases = (
				911DE8A1A47C8206BD0273D1 /* [CP] Check Pods Manifest.lock */,
				FA13094A2ACE83F1009DACBC /* Sources */,
				FA13094B2ACE83F1009DACBC /* Frameworks */,
				FA13094C2ACE83F1009DACBC /* Resources */,
			);
			buildRules = (
			);
			dependencies = (
				FA1309502ACE83F1009DACBC /* PBXTargetDependency */,
			);
			name = TwitterSampleApp3Tests;
			productName = TwitterSampleApp3Tests;
			productReference = FA13094E2ACE83F1009DACBC /* TwitterSampleApp3Tests.xctest */;
			productType = "com.apple.product-type.bundle.unit-test";
		};
		FA1309572ACE83F1009DACBC /* TwitterSampleApp3UITests */ = {
			isa = PBXNativeTarget;
			buildConfigurationList = FA1309682ACE83F1009DACBC /* Build configuration list for PBXNativeTarget "TwitterSampleApp3UITests" */;
			buildPhases = (
				22DAC04E77E6DC26EA377A6B /* [CP] Check Pods Manifest.lock */,
				FA1309542ACE83F1009DACBC /* Sources */,
				FA1309552ACE83F1009DACBC /* Frameworks */,
				FA1309562ACE83F1009DACBC /* Resources */,
				9EB00CCE4BF441A7C9822157 /* [CP] Embed Pods Frameworks */,
			);
			buildRules = (
			);
			dependencies = (
				FA13095A2ACE83F1009DACBC /* PBXTargetDependency */,
			);
			name = TwitterSampleApp3UITests;
			productName = TwitterSampleApp3UITests;
			productReference = FA1309582ACE83F1009DACBC /* TwitterSampleApp3UITests.xctest */;
			productType = "com.apple.product-type.bundle.ui-testing";
		};
/* End PBXNativeTarget section */

/* Begin PBXProject section */
		FA1309302ACE83EF009DACBC /* Project object */ = {
			isa = PBXProject;
			attributes = {
				BuildIndependentTargetsInParallel = 1;
				LastSwiftUpdateCheck = 1430;
				LastUpgradeCheck = 1430;
				TargetAttributes = {
					FA1309372ACE83EF009DACBC = {
						CreatedOnToolsVersion = 14.3;
					};
					FA13094D2ACE83F1009DACBC = {
						CreatedOnToolsVersion = 14.3;
						TestTargetID = FA1309372ACE83EF009DACBC;
					};
					FA1309572ACE83F1009DACBC = {
						CreatedOnToolsVersion = 14.3;
						TestTargetID = FA1309372ACE83EF009DACBC;
					};
				};
			};
			buildConfigurationList = FA1309332ACE83EF009DACBC /* Build configuration list for PBXProject "TwitterSampleApp3" */;
			compatibilityVersion = "Xcode 14.0";
			developmentRegion = en;
			hasScannedForEncodings = 0;
			knownRegions = (
				en,
				Base,
			);
			mainGroup = FA13092F2ACE83EF009DACBC;
			productRefGroup = FA1309392ACE83EF009DACBC /* Products */;
			projectDirPath = "";
			projectRoot = "";
			targets = (
				FA1309372ACE83EF009DACBC /* TwitterSampleApp3 */,
				FA13094D2ACE83F1009DACBC /* TwitterSampleApp3Tests */,
				FA1309572ACE83F1009DACBC /* TwitterSampleApp3UITests */,
			);
		};
/* End PBXProject section */

/* Begin PBXResourcesBuildPhase section */
		FA1309362ACE83EF009DACBC /* Resources */ = {
			isa = PBXResourcesBuildPhase;
			buildActionMask = 2147483647;
			files = (
				FA1309482ACE83F1009DACBC /* LaunchScreen.storyboard in Resources */,
				FA1309452ACE83F1009DACBC /* Assets.xcassets in Resources */,
				FA1309432ACE83EF009DACBC /* Main.storyboard in Resources */,
			);
			runOnlyForDeploymentPostprocessing = 0;
		};
		FA13094C2ACE83F1009DACBC /* Resources */ = {
			isa = PBXResourcesBuildPhase;
			buildActionMask = 2147483647;
			files = (
			);
			runOnlyForDeploymentPostprocessing = 0;
		};
		FA1309562ACE83F1009DACBC /* Resources */ = {
			isa = PBXResourcesBuildPhase;
			buildActionMask = 2147483647;
			files = (
			);
			runOnlyForDeploymentPostprocessing = 0;
		};
/* End PBXResourcesBuildPhase section */

/* Begin PBXShellScriptBuildPhase section */
		22DAC04E77E6DC26EA377A6B /* [CP] Check Pods Manifest.lock */ = {
			isa = PBXShellScriptBuildPhase;
			buildActionMask = 2147483647;
			files = (
			);
			inputFileListPaths = (
			);
			inputPaths = (
				"${PODS_PODFILE_DIR_PATH}/Podfile.lock",
				"${PODS_ROOT}/Manifest.lock",
			);
			name = "[CP] Check Pods Manifest.lock";
			outputFileListPaths = (
			);
			outputPaths = (
				"$(DERIVED_FILE_DIR)/Pods-TwitterSampleApp3-TwitterSampleApp3UITests-checkManifestLockResult.txt",
			);
			runOnlyForDeploymentPostprocessing = 0;
			shellPath = /bin/sh;
			shellScript = "diff \"${PODS_PODFILE_DIR_PATH}/Podfile.lock\" \"${PODS_ROOT}/Manifest.lock\" > /dev/null\nif [ $? != 0 ] ; then\n    # print error to STDERR\n    echo \"error: The sandbox is not in sync with the Podfile.lock. Run 'pod install' or update your CocoaPods installation.\" >&2\n    exit 1\nfi\n# This output is used by Xcode 'outputs' to avoid re-running this script phase.\necho \"SUCCESS\" > \"${SCRIPT_OUTPUT_FILE_0}\"\n";
			showEnvVarsInLog = 0;
		};
		3A4DF03C7428B9BF6DBCF8B8 /* [CP] Embed Pods Frameworks */ = {
			isa = PBXShellScriptBuildPhase;
			buildActionMask = 2147483647;
			files = (
			);
			inputFileListPaths = (
				"${PODS_ROOT}/Target Support Files/Pods-TwitterSampleApp3/Pods-TwitterSampleApp3-frameworks-${CONFIGURATION}-input-files.xcfilelist",
			);
			name = "[CP] Embed Pods Frameworks";
			outputFileListPaths = (
				"${PODS_ROOT}/Target Support Files/Pods-TwitterSampleApp3/Pods-TwitterSampleApp3-frameworks-${CONFIGURATION}-output-files.xcfilelist",
			);
			runOnlyForDeploymentPostprocessing = 0;
			shellPath = /bin/sh;
			shellScript = "\"${PODS_ROOT}/Target Support Files/Pods-TwitterSampleApp3/Pods-TwitterSampleApp3-frameworks.sh\"\n";
			showEnvVarsInLog = 0;
		};
		911DE8A1A47C8206BD0273D1 /* [CP] Check Pods Manifest.lock */ = {
			isa = PBXShellScriptBuildPhase;
			buildActionMask = 2147483647;
			files = (
			);
			inputFileListPaths = (
			);
			inputPaths = (
				"${PODS_PODFILE_DIR_PATH}/Podfile.lock",
				"${PODS_ROOT}/Manifest.lock",
			);
			name = "[CP] Check Pods Manifest.lock";
			outputFileListPaths = (
			);
			outputPaths = (
				"$(DERIVED_FILE_DIR)/Pods-TwitterSampleApp3Tests-checkManifestLockResult.txt",
			);
			runOnlyForDeploymentPostprocessing = 0;
			shellPath = /bin/sh;
			shellScript = "diff \"${PODS_PODFILE_DIR_PATH}/Podfile.lock\" \"${PODS_ROOT}/Manifest.lock\" > /dev/null\nif [ $? != 0 ] ; then\n    # print error to STDERR\n    echo \"error: The sandbox is not in sync with the Podfile.lock. Run 'pod install' or update your CocoaPods installation.\" >&2\n    exit 1\nfi\n# This output is used by Xcode 'outputs' to avoid re-running this script phase.\necho \"SUCCESS\" > \"${SCRIPT_OUTPUT_FILE_0}\"\n";
			showEnvVarsInLog = 0;
		};
		9EB00CCE4BF441A7C9822157 /* [CP] Embed Pods Frameworks */ = {
			isa = PBXShellScriptBuildPhase;
			buildActionMask = 2147483647;
			files = (
			);
			inputFileListPaths = (
				"${PODS_ROOT}/Target Support Files/Pods-TwitterSampleApp3-TwitterSampleApp3UITests/Pods-TwitterSampleApp3-TwitterSampleApp3UITests-frameworks-${CONFIGURATION}-input-files.xcfilelist",
			);
			name = "[CP] Embed Pods Frameworks";
			outputFileListPaths = (
				"${PODS_ROOT}/Target Support Files/Pods-TwitterSampleApp3-TwitterSampleApp3UITests/Pods-TwitterSampleApp3-TwitterSampleApp3UITests-frameworks-${CONFIGURATION}-output-files.xcfilelist",
			);
			runOnlyForDeploymentPostprocessing = 0;
			shellPath = /bin/sh;
			shellScript = "\"${PODS_ROOT}/Target Support Files/Pods-TwitterSampleApp3-TwitterSampleApp3UITests/Pods-TwitterSampleApp3-TwitterSampleApp3UITests-frameworks.sh\"\n";
			showEnvVarsInLog = 0;
		};
		BD73C54A2733A127CCFD4524 /* [CP] Check Pods Manifest.lock */ = {
			isa = PBXShellScriptBuildPhase;
			buildActionMask = 2147483647;
			files = (
			);
			inputFileListPaths = (
			);
			inputPaths = (
				"${PODS_PODFILE_DIR_PATH}/Podfile.lock",
				"${PODS_ROOT}/Manifest.lock",
			);
			name = "[CP] Check Pods Manifest.lock";
			outputFileListPaths = (
			);
			outputPaths = (
				"$(DERIVED_FILE_DIR)/Pods-TwitterSampleApp3-checkManifestLockResult.txt",
			);
			runOnlyForDeploymentPostprocessing = 0;
			shellPath = /bin/sh;
			shellScript = "diff \"${PODS_PODFILE_DIR_PATH}/Podfile.lock\" \"${PODS_ROOT}/Manifest.lock\" > /dev/null\nif [ $? != 0 ] ; then\n    # print error to STDERR\n    echo \"error: The sandbox is not in sync with the Podfile.lock. Run 'pod install' or update your CocoaPods installation.\" >&2\n    exit 1\nfi\n# This output is used by Xcode 'outputs' to avoid re-running this script phase.\necho \"SUCCESS\" > \"${SCRIPT_OUTPUT_FILE_0}\"\n";
			showEnvVarsInLog = 0;
		};
/* End PBXShellScriptBuildPhase section */

/* Begin PBXSourcesBuildPhase section */
		FA1309342ACE83EF009DACBC /* Sources */ = {
			isa = PBXSourcesBuildPhase;
			buildActionMask = 2147483647;
			files = (
				FA13096E2ACEC3FF009DACBC /* TwitterDetailViewController.swift in Sources */,
				FA1309402ACE83EF009DACBC /* ViewController.swift in Sources */,
				FA13093C2ACE83EF009DACBC /* AppDelegate.swift in Sources */,
				FA13093E2ACE83EF009DACBC /* SceneDelegate.swift in Sources */,
				FA13096C2ACE87D6009DACBC /* TwitterDataModel.swift in Sources */,
			);
			runOnlyForDeploymentPostprocessing = 0;
		};
		FA13094A2ACE83F1009DACBC /* Sources */ = {
			isa = PBXSourcesBuildPhase;
			buildActionMask = 2147483647;
			files = (
				FA1309532ACE83F1009DACBC /* TwitterSampleApp3Tests.swift in Sources */,
			);
			runOnlyForDeploymentPostprocessing = 0;
		};
		FA1309542ACE83F1009DACBC /* Sources */ = {
			isa = PBXSourcesBuildPhase;
			buildActionMask = 2147483647;
			files = (
				FA13095F2ACE83F1009DACBC /* TwitterSampleApp3UITestsLaunchTests.swift in Sources */,
				FA13095D2ACE83F1009DACBC /* TwitterSampleApp3UITests.swift in Sources */,
			);
			runOnlyForDeploymentPostprocessing = 0;
		};
/* End PBXSourcesBuildPhase section */

/* Begin PBXTargetDependency section */
		FA1309502ACE83F1009DACBC /* PBXTargetDependency */ = {
			isa = PBXTargetDependency;
			target = FA1309372ACE83EF009DACBC /* TwitterSampleApp3 */;
			targetProxy = FA13094F2ACE83F1009DACBC /* PBXContainerItemProxy */;
		};
		FA13095A2ACE83F1009DACBC /* PBXTargetDependency */ = {
			isa = PBXTargetDependency;
			target = FA1309372ACE83EF009DACBC /* TwitterSampleApp3 */;
			targetProxy = FA1309592ACE83F1009DACBC /* PBXContainerItemProxy */;
		};
/* End PBXTargetDependency section */

/* Begin PBXVariantGroup section */
		FA1309412ACE83EF009DACBC /* Main.storyboard */ = {
			isa = PBXVariantGroup;
			children = (
				FA1309422ACE83EF009DACBC /* Base */,
			);
			name = Main.storyboard;
			sourceTree = "<group>";
		};
		FA1309462ACE83F1009DACBC /* LaunchScreen.storyboard */ = {
			isa = PBXVariantGroup;
			children = (
				FA1309472ACE83F1009DACBC /* Base */,
			);
			name = LaunchScreen.storyboard;
			sourceTree = "<group>";
		};
/* End PBXVariantGroup section */

/* Begin XCBuildConfiguration section */
		FA1309602ACE83F1009DACBC /* Debug */ = {
			isa = XCBuildConfiguration;
			buildSettings = {
				ALWAYS_SEARCH_USER_PATHS = NO;
				CLANG_ANALYZER_NONNULL = YES;
				CLANG_ANALYZER_NUMBER_OBJECT_CONVERSION = YES_AGGRESSIVE;
				CLANG_CXX_LANGUAGE_STANDARD = "gnu++20";
				CLANG_ENABLE_MODULES = YES;
				CLANG_ENABLE_OBJC_ARC = YES;
				CLANG_ENABLE_OBJC_WEAK = YES;
				CLANG_WARN_BLOCK_CAPTURE_AUTORELEASING = YES;
				CLANG_WARN_BOOL_CONVERSION = YES;
				CLANG_WARN_COMMA = YES;
				CLANG_WARN_CONSTANT_CONVERSION = YES;
				CLANG_WARN_DEPRECATED_OBJC_IMPLEMENTATIONS = YES;
				CLANG_WARN_DIRECT_OBJC_ISA_USAGE = YES_ERROR;
				CLANG_WARN_DOCUMENTATION_COMMENTS = YES;
				CLANG_WARN_EMPTY_BODY = YES;
				CLANG_WARN_ENUM_CONVERSION = YES;
				CLANG_WARN_INFINITE_RECURSION = YES;
				CLANG_WARN_INT_CONVERSION = YES;
				CLANG_WARN_NON_LITERAL_NULL_CONVERSION = YES;
				CLANG_WARN_OBJC_IMPLICIT_RETAIN_SELF = YES;
				CLANG_WARN_OBJC_LITERAL_CONVERSION = YES;
				CLANG_WARN_OBJC_ROOT_CLASS = YES_ERROR;
				CLANG_WARN_QUOTED_INCLUDE_IN_FRAMEWORK_HEADER = YES;
				CLANG_WARN_RANGE_LOOP_ANALYSIS = YES;
				CLANG_WARN_STRICT_PROTOTYPES = YES;
				CLANG_WARN_SUSPICIOUS_MOVE = YES;
				CLANG_WARN_UNGUARDED_AVAILABILITY = YES_AGGRESSIVE;
				CLANG_WARN_UNREACHABLE_CODE = YES;
				CLANG_WARN__DUPLICATE_METHOD_MATCH = YES;
				COPY_PHASE_STRIP = NO;
				DEBUG_INFORMATION_FORMAT = dwarf;
				ENABLE_STRICT_OBJC_MSGSEND = YES;
				ENABLE_TESTABILITY = YES;
				GCC_C_LANGUAGE_STANDARD = gnu11;
				GCC_DYNAMIC_NO_PIC = NO;
				GCC_NO_COMMON_BLOCKS = YES;
				GCC_OPTIMIZATION_LEVEL = 0;
				GCC_PREPROCESSOR_DEFINITIONS = (
					"DEBUG=1",
					"$(inherited)",
				);
				GCC_WARN_64_TO_32_BIT_CONVERSION = YES;
				GCC_WARN_ABOUT_RETURN_TYPE = YES_ERROR;
				GCC_WARN_UNDECLARED_SELECTOR = YES;
				GCC_WARN_UNINITIALIZED_AUTOS = YES_AGGRESSIVE;
				GCC_WARN_UNUSED_FUNCTION = YES;
				GCC_WARN_UNUSED_VARIABLE = YES;
				IPHONEOS_DEPLOYMENT_TARGET = 16.4;
				MTL_ENABLE_DEBUG_INFO = INCLUDE_SOURCE;
				MTL_FAST_MATH = YES;
				ONLY_ACTIVE_ARCH = YES;
				SDKROOT = iphoneos;
				SWIFT_ACTIVE_COMPILATION_CONDITIONS = DEBUG;
				SWIFT_OPTIMIZATION_LEVEL = "-Onone";
			};
			name = Debug;
		};
		FA1309612ACE83F1009DACBC /* Release */ = {
			isa = XCBuildConfiguration;
			buildSettings = {
				ALWAYS_SEARCH_USER_PATHS = NO;
				CLANG_ANALYZER_NONNULL = YES;
				CLANG_ANALYZER_NUMBER_OBJECT_CONVERSION = YES_AGGRESSIVE;
				CLANG_CXX_LANGUAGE_STANDARD = "gnu++20";
				CLANG_ENABLE_MODULES = YES;
				CLANG_ENABLE_OBJC_ARC = YES;
				CLANG_ENABLE_OBJC_WEAK = YES;
				CLANG_WARN_BLOCK_CAPTURE_AUTORELEASING = YES;
				CLANG_WARN_BOOL_CONVERSION = YES;
				CLANG_WARN_COMMA = YES;
				CLANG_WARN_CONSTANT_CONVERSION = YES;
				CLANG_WARN_DEPRECATED_OBJC_IMPLEMENTATIONS = YES;
				CLANG_WARN_DIRECT_OBJC_ISA_USAGE = YES_ERROR;
				CLANG_WARN_DOCUMENTATION_COMMENTS = YES;
				CLANG_WARN_EMPTY_BODY = YES;
				CLANG_WARN_ENUM_CONVERSION = YES;
				CLANG_WARN_INFINITE_RECURSION = YES;
				CLANG_WARN_INT_CONVERSION = YES;
				CLANG_WARN_NON_LITERAL_NULL_CONVERSION = YES;
				CLANG_WARN_OBJC_IMPLICIT_RETAIN_SELF = YES;
				CLANG_WARN_OBJC_LITERAL_CONVERSION = YES;
				CLANG_WARN_OBJC_ROOT_CLASS = YES_ERROR;
				CLANG_WARN_QUOTED_INCLUDE_IN_FRAMEWORK_HEADER = YES;
				CLANG_WARN_RANGE_LOOP_ANALYSIS = YES;
				CLANG_WARN_STRICT_PROTOTYPES = YES;
				CLANG_WARN_SUSPICIOUS_MOVE = YES;
				CLANG_WARN_UNGUARDED_AVAILABILITY = YES_AGGRESSIVE;
				CLANG_WARN_UNREACHABLE_CODE = YES;
				CLANG_WARN__DUPLICATE_METHOD_MATCH = YES;
				COPY_PHASE_STRIP = NO;
				DEBUG_INFORMATION_FORMAT = "dwarf-with-dsym";
				ENABLE_NS_ASSERTIONS = NO;
				ENABLE_STRICT_OBJC_MSGSEND = YES;
				GCC_C_LANGUAGE_STANDARD = gnu11;
				GCC_NO_COMMON_BLOCKS = YES;
				GCC_WARN_64_TO_32_BIT_CONVERSION = YES;
				GCC_WARN_ABOUT_RETURN_TYPE = YES_ERROR;
				GCC_WARN_UNDECLARED_SELECTOR = YES;
				GCC_WARN_UNINITIALIZED_AUTOS = YES_AGGRESSIVE;
				GCC_WARN_UNUSED_FUNCTION = YES;
				GCC_WARN_UNUSED_VARIABLE = YES;
				IPHONEOS_DEPLOYMENT_TARGET = 16.4;
				MTL_ENABLE_DEBUG_INFO = NO;
				MTL_FAST_MATH = YES;
				SDKROOT = iphoneos;
				SWIFT_COMPILATION_MODE = wholemodule;
				SWIFT_OPTIMIZATION_LEVEL = "-O";
				VALIDATE_PRODUCT = YES;
			};
			name = Release;
		};
		FA1309632ACE83F1009DACBC /* Debug */ = {
			isa = XCBuildConfiguration;
			baseConfigurationReference = E89C43999D6B771D891DFD65 /* Pods-TwitterSampleApp3.debug.xcconfig */;
			buildSettings = {
				ASSETCATALOG_COMPILER_APPICON_NAME = AppIcon;
				ASSETCATALOG_COMPILER_GLOBAL_ACCENT_COLOR_NAME = AccentColor;
				CODE_SIGN_STYLE = Automatic;
				CURRENT_PROJECT_VERSION = 1;
				GENERATE_INFOPLIST_FILE = YES;
				INFOPLIST_FILE = TwitterSampleApp3/Info.plist;
				INFOPLIST_KEY_UIApplicationSupportsIndirectInputEvents = YES;
				INFOPLIST_KEY_UILaunchStoryboardName = LaunchScreen;
				INFOPLIST_KEY_UIMainStoryboardFile = Main;
				INFOPLIST_KEY_UISupportedInterfaceOrientations_iPad = "UIInterfaceOrientationPortrait UIInterfaceOrientationPortraitUpsideDown UIInterfaceOrientationLandscapeLeft UIInterfaceOrientationLandscapeRight";
				INFOPLIST_KEY_UISupportedInterfaceOrientations_iPhone = "UIInterfaceOrientationPortrait UIInterfaceOrientationLandscapeLeft UIInterfaceOrientationLandscapeRight";
				LD_RUNPATH_SEARCH_PATHS = (
					"$(inherited)",
					"@executable_path/Frameworks",
				);
				MARKETING_VERSION = 1.0;
				PRODUCT_BUNDLE_IDENTIFIER = "com.ios-academla.TwitterSampleApp3";
				PRODUCT_NAME = "$(TARGET_NAME)";
				SWIFT_EMIT_LOC_STRINGS = YES;
				SWIFT_VERSION = 5.0;
				TARGETED_DEVICE_FAMILY = "1,2";
			};
			name = Debug;
		};
		FA1309642ACE83F1009DACBC /* Release */ = {
			isa = XCBuildConfiguration;
			baseConfigurationReference = 96EC176E65BA9894AD40B269 /* Pods-TwitterSampleApp3.release.xcconfig */;
			buildSettings = {
				ASSETCATALOG_COMPILER_APPICON_NAME = AppIcon;
				ASSETCATALOG_COMPILER_GLOBAL_ACCENT_COLOR_NAME = AccentColor;
				CODE_SIGN_STYLE = Automatic;
				CURRENT_PROJECT_VERSION = 1;
				GENERATE_INFOPLIST_FILE = YES;
				INFOPLIST_FILE = TwitterSampleApp3/Info.plist;
				INFOPLIST_KEY_UIApplicationSupportsIndirectInputEvents = YES;
				INFOPLIST_KEY_UILaunchStoryboardName = LaunchScreen;
				INFOPLIST_KEY_UIMainStoryboardFile = Main;
				INFOPLIST_KEY_UISupportedInterfaceOrientations_iPad = "UIInterfaceOrientationPortrait UIInterfaceOrientationPortraitUpsideDown UIInterfaceOrientationLandscapeLeft UIInterfaceOrientationLandscapeRight";
				INFOPLIST_KEY_UISupportedInterfaceOrientations_iPhone = "UIInterfaceOrientationPortrait UIInterfaceOrientationLandscapeLeft UIInterfaceOrientationLandscapeRight";
				LD_RUNPATH_SEARCH_PATHS = (
					"$(inherited)",
					"@executable_path/Frameworks",
				);
				MARKETING_VERSION = 1.0;
				PRODUCT_BUNDLE_IDENTIFIER = "com.ios-academla.TwitterSampleApp3";
				PRODUCT_NAME = "$(TARGET_NAME)";
				SWIFT_EMIT_LOC_STRINGS = YES;
				SWIFT_VERSION = 5.0;
				TARGETED_DEVICE_FAMILY = "1,2";
			};
			name = Release;
		};
		FA1309662ACE83F1009DACBC /* Debug */ = {
			isa = XCBuildConfiguration;
			baseConfigurationReference = C11A293DFEF7DA0E5613CD87 /* Pods-TwitterSampleApp3Tests.debug.xcconfig */;
			buildSettings = {
				ALWAYS_EMBED_SWIFT_STANDARD_LIBRARIES = YES;
				BUNDLE_LOADER = "$(TEST_HOST)";
				CODE_SIGN_STYLE = Automatic;
				CURRENT_PROJECT_VERSION = 1;
				GENERATE_INFOPLIST_FILE = YES;
				IPHONEOS_DEPLOYMENT_TARGET = 16.4;
				MARKETING_VERSION = 1.0;
				PRODUCT_BUNDLE_IDENTIFIER = "com.ios-academla.TwitterSampleApp3Tests";
				PRODUCT_NAME = "$(TARGET_NAME)";
				SWIFT_EMIT_LOC_STRINGS = NO;
				SWIFT_VERSION = 5.0;
				TARGETED_DEVICE_FAMILY = "1,2";
				TEST_HOST = "$(BUILT_PRODUCTS_DIR)/TwitterSampleApp3.app/$(BUNDLE_EXECUTABLE_FOLDER_PATH)/TwitterSampleApp3";
			};
			name = Debug;
		};
		FA1309672ACE83F1009DACBC /* Release */ = {
			isa = XCBuildConfiguration;
			baseConfigurationReference = 1DC5A6E1CED10221F0A22D81 /* Pods-TwitterSampleApp3Tests.release.xcconfig */;
			buildSettings = {
				ALWAYS_EMBED_SWIFT_STANDARD_LIBRARIES = YES;
				BUNDLE_LOADER = "$(TEST_HOST)";
				CODE_SIGN_STYLE = Automatic;
				CURRENT_PROJECT_VERSION = 1;
				GENERATE_INFOPLIST_FILE = YES;
				IPHONEOS_DEPLOYMENT_TARGET = 16.4;
				MARKETING_VERSION = 1.0;
				PRODUCT_BUNDLE_IDENTIFIER = "com.ios-academla.TwitterSampleApp3Tests";
				PRODUCT_NAME = "$(TARGET_NAME)";
				SWIFT_EMIT_LOC_STRINGS = NO;
				SWIFT_VERSION = 5.0;
				TARGETED_DEVICE_FAMILY = "1,2";
				TEST_HOST = "$(BUILT_PRODUCTS_DIR)/TwitterSampleApp3.app/$(BUNDLE_EXECUTABLE_FOLDER_PATH)/TwitterSampleApp3";
			};
			name = Release;
		};
		FA1309692ACE83F1009DACBC /* Debug */ = {
			isa = XCBuildConfiguration;
			baseConfigurationReference = BBD07E9438CB0B5018F238AC /* Pods-TwitterSampleApp3-TwitterSampleApp3UITests.debug.xcconfig */;
			buildSettings = {
				ALWAYS_EMBED_SWIFT_STANDARD_LIBRARIES = YES;
				CODE_SIGN_STYLE = Automatic;
				CURRENT_PROJECT_VERSION = 1;
				GENERATE_INFOPLIST_FILE = YES;
				MARKETING_VERSION = 1.0;
				PRODUCT_BUNDLE_IDENTIFIER = "com.ios-academla.TwitterSampleApp3UITests";
				PRODUCT_NAME = "$(TARGET_NAME)";
				SWIFT_EMIT_LOC_STRINGS = NO;
				SWIFT_VERSION = 5.0;
				TARGETED_DEVICE_FAMILY = "1,2";
				TEST_TARGET_NAME = TwitterSampleApp3;
			};
			name = Debug;
		};
		FA13096A2ACE83F1009DACBC /* Release */ = {
			isa = XCBuildConfiguration;
			baseConfigurationReference = BE500CDD704FB8EE2771041B /* Pods-TwitterSampleApp3-TwitterSampleApp3UITests.release.xcconfig */;
			buildSettings = {
				ALWAYS_EMBED_SWIFT_STANDARD_LIBRARIES = YES;
				CODE_SIGN_STYLE = Automatic;
				CURRENT_PROJECT_VERSION = 1;
				GENERATE_INFOPLIST_FILE = YES;
				MARKETING_VERSION = 1.0;
				PRODUCT_BUNDLE_IDENTIFIER = "com.ios-academla.TwitterSampleApp3UITests";
				PRODUCT_NAME = "$(TARGET_NAME)";
				SWIFT_EMIT_LOC_STRINGS = NO;
				SWIFT_VERSION = 5.0;
				TARGETED_DEVICE_FAMILY = "1,2";
				TEST_TARGET_NAME = TwitterSampleApp3;
			};
			name = Release;
		};
/* End XCBuildConfiguration section */

/* Begin XCConfigurationList section */
		FA1309332ACE83EF009DACBC /* Build configuration list for PBXProject "TwitterSampleApp3" */ = {
			isa = XCConfigurationList;
			buildConfigurations = (
				FA1309602ACE83F1009DACBC /* Debug */,
				FA1309612ACE83F1009DACBC /* Release */,
			);
			defaultConfigurationIsVisible = 0;
			defaultConfigurationName = Release;
		};
		FA1309622ACE83F1009DACBC /* Build configuration list for PBXNativeTarget "TwitterSampleApp3" */ = {
			isa = XCConfigurationList;
			buildConfigurations = (
				FA1309632ACE83F1009DACBC /* Debug */,
				FA1309642ACE83F1009DACBC /* Release */,
			);
			defaultConfigurationIsVisible = 0;
			defaultConfigurationName = Release;
		};
		FA1309652ACE83F1009DACBC /* Build configuration list for PBXNativeTarget "TwitterSampleApp3Tests" */ = {
			isa = XCConfigurationList;
			buildConfigurations = (
				FA1309662ACE83F1009DACBC /* Debug */,
				FA1309672ACE83F1009DACBC /* Release */,
			);
			defaultConfigurationIsVisible = 0;
			defaultConfigurationName = Release;
		};
		FA1309682ACE83F1009DACBC /* Build configuration list for PBXNativeTarget "TwitterSampleApp3UITests" */ = {
			isa = XCConfigurationList;
			buildConfigurations = (
				FA1309692ACE83F1009DACBC /* Debug */,
				FA13096A2ACE83F1009DACBC /* Release */,
			);
			defaultConfigurationIsVisible = 0;
			defaultConfigurationName = Release;
		};
/* End XCConfigurationList section */
	};
	rootObject = FA1309302ACE83EF009DACBC /* Project object */;
}
